
Microsoft Visual Studio Solution File, Format Version 12.00
# Visual Studio Version 17
VisualStudioVersion = 17.9.34701.34
MinimumVisualStudioVersion = 10.0.40219.1
Project("{FAE04EC0-301F-11D3-BF4B-00C04F79EFBC}") = "TextGame", "TextGame.csproj", "{8D8C9AD4-84C4-4C0F-9C4B-1F404D0A865A}"
EndProject
Global
	GlobalSection(SolutionConfigurationPlatforms) = preSolution
		Debug|Any CPU = Debug|Any CPU
		Release|Any CPU = Release|Any CPU
	EndGlobalSection
	GlobalSection(ProjectConfigurationPlatforms) = postSolution
		{8D8C9AD4-84C4-4C0F-9C4B-1F404D0A865A}.Debug|Any CPU.ActiveCfg = Debug|Any CPU
		{8D8C9AD4-84C4-4C0F-9C4B-1F404D0A865A}.Debug|Any CPU.Build.0 = Debug|Any CPU
		{8D8C9AD4-84C4-4C0F-9C4B-1F404D0A865A}.Release|Any CPU.ActiveCfg = Release|Any CPU
		{8D8C9AD4-84C4-4C0F-9C4B-1F404D0A865A}.Release|Any CPU.Build.0 = Release|Any CPU
	EndGlobalSection
	GlobalSection(SolutionProperties) = preSolution
		HideSolutionNode = FALSE
	EndGlobalSection
	GlobalSection(ExtensibilityGlobals) = postSolution
		SolutionGuid = {6049433D-BC32-4CA7-8E0B-4E31EDA834ED}
	EndGlobalSection
EndGlobal
